
Microsoft Visual Studio Solution File, Format Version 12.00
# Visual Studio 15
VisualStudioVersion = 15.0.27703.2035
MinimumVisualStudioVersion = 10.0.40219.1
Project("{FAE04EC0-301F-11D3-BF4B-00C04F79EFBC}") = "XFWPF.Android", "XFWPF\XFWPF.Android\XFWPF.Android.csproj", "{09249456-44CF-41A9-A82C-5695DEF17071}"
EndProject
Project("{FAE04EC0-301F-11D3-BF4B-00C04F79EFBC}") = "XFWPF.iOS", "XFWPF\XFWPF.iOS\XFWPF.iOS.csproj", "{FEB59502-E4DE-40C3-82C3-BC5010312828}"
EndProject
Project("{FAE04EC0-301F-11D3-BF4B-00C04F79EFBC}") = "XFWPF.UWP", "XFWPF\XFWPF.UWP\XFWPF.UWP.csproj", "{F1A32A8C-4070-4D69-9402-FF39FF3AB30F}"
EndProject
Project("{FAE04EC0-301F-11D3-BF4B-00C04F79EFBC}") = "XFWPF", "XFWPF\XFWPF\XFWPF.csproj", "{BFFE7302-10C5-4120-84AA-0C31C46883F8}"
EndProject
Project("{FAE04EC0-301F-11D3-BF4B-00C04F79EFBC}") = "XFWPF.WPF", "XFWPF.WPF\XFWPF.WPF.csproj", "{F6111C54-48AA-4B9D-A9A3-CCF96D1B1F22}"
EndProject
Global
	GlobalSection(SolutionConfigurationPlatforms) = preSolution
		Ad-Hoc|Any CPU = Ad-Hoc|Any CPU
		Ad-Hoc|ARM = Ad-Hoc|ARM
		Ad-Hoc|iPhone = Ad-Hoc|iPhone
		Ad-Hoc|iPhoneSimulator = Ad-Hoc|iPhoneSimulator
		Ad-Hoc|x64 = Ad-Hoc|x64
		Ad-Hoc|x86 = Ad-Hoc|x86
		AppStore|Any CPU = AppStore|Any CPU
		AppStore|ARM = AppStore|ARM
		AppStore|iPhone = AppStore|iPhone
		AppStore|iPhoneSimulator = AppStore|iPhoneSimulator
		AppStore|x64 = AppStore|x64
		AppStore|x86 = AppStore|x86
		Debug|Any CPU = Debug|Any CPU
		Debug|ARM = Debug|ARM
		Debug|iPhone = Debug|iPhone
		Debug|iPhoneSimulator = Debug|iPhoneSimulator
		Debug|x64 = Debug|x64
		Debug|x86 = Debug|x86
		Release|Any CPU = Release|Any CPU
		Release|ARM = Release|ARM
		Release|iPhone = Release|iPhone
		Release|iPhoneSimulator = Release|iPhoneSimulator
		Release|x64 = Release|x64
		Release|x86 = Release|x86
	EndGlobalSection
	GlobalSection(ProjectConfigurationPlatforms) = postSolution
		{09249456-44CF-41A9-A82C-5695DEF17071}.Ad-Hoc|Any CPU.ActiveCfg = Release|Any CPU
		{09249456-44CF-41A9-A82C-5695DEF17071}.Ad-Hoc|Any CPU.Build.0 = Release|Any CPU
		{09249456-44CF-41A9-A82C-5695DEF17071}.Ad-Hoc|Any CPU.Deploy.0 = Release|Any CPU
		{09249456-44CF-41A9-A82C-5695DEF17071}.Ad-Hoc|ARM.ActiveCfg = Release|Any CPU
		{09249456-44CF-41A9-A82C-5695DEF17071}.Ad-Hoc|ARM.Build.0 = Release|Any CPU
		{09249456-44CF-41A9-A82C-5695DEF17071}.Ad-Hoc|ARM.Deploy.0 = Release|Any CPU
		{09249456-44CF-41A9-A82C-5695DEF17071}.Ad-Hoc|iPhone.ActiveCfg = Release|Any CPU
		{09249456-44CF-41A9-A82C-5695DEF17071}.Ad-Hoc|iPhone.Build.0 = Release|Any CPU
		{09249456-44CF-41A9-A82C-5695DEF17071}.Ad-Hoc|iPhone.Deploy.0 = Release|Any CPU
		{09249456-44CF-41A9-A82C-5695DEF17071}.Ad-Hoc|iPhoneSimulator.ActiveCfg = Release|Any CPU
		{09249456-44CF-41A9-A82C-5695DEF17071}.Ad-Hoc|iPhoneSimulator.Build.0 = Release|Any CPU
		{09249456-44CF-41A9-A82C-5695DEF17071}.Ad-Hoc|iPhoneSimulator.Deploy.0 = Release|Any CPU
		{09249456-44CF-41A9-A82C-5695DEF17071}.Ad-Hoc|x64.ActiveCfg = Release|Any CPU
		{09249456-44CF-41A9-A82C-5695DEF17071}.Ad-Hoc|x64.Build.0 = Release|Any CPU
		{09249456-44CF-41A9-A82C-5695DEF17071}.Ad-Hoc|x64.Deploy.0 = Release|Any CPU
		{09249456-44CF-41A9-A82C-5695DEF17071}.Ad-Hoc|x86.ActiveCfg = Release|Any CPU
		{09249456-44CF-41A9-A82C-5695DEF17071}.Ad-Hoc|x86.Build.0 = Release|Any CPU
		{09249456-44CF-41A9-A82C-5695DEF17071}.Ad-Hoc|x86.Deploy.0 = Release|Any CPU
		{09249456-44CF-41A9-A82C-5695DEF17071}.AppStore|Any CPU.ActiveCfg = Release|Any CPU
		{09249456-44CF-41A9-A82C-5695DEF17071}.AppStore|Any CPU.Build.0 = Release|Any CPU
		{09249456-44CF-41A9-A82C-5695DEF17071}.AppStore|Any CPU.Deploy.0 = Release|Any CPU
		{09249456-44CF-41A9-A82C-5695DEF17071}.AppStore|ARM.ActiveCfg = Release|Any CPU
		{09249456-44CF-41A9-A82C-5695DEF17071}.AppStore|ARM.Build.0 = Release|Any CPU
		{09249456-44CF-41A9-A82C-5695DEF17071}.AppStore|ARM.Deploy.0 = Release|Any CPU
		{09249456-44CF-41A9-A82C-5695DEF17071}.AppStore|iPhone.ActiveCfg = Release|Any CPU
		{09249456-44CF-41A9-A82C-5695DEF17071}.AppStore|iPhone.Build.0 = Release|Any CPU
		{09249456-44CF-41A9-A82C-5695DEF17071}.AppStore|iPhone.Deploy.0 = Release|Any CPU
		{09249456-44CF-41A9-A82C-5695DEF17071}.AppStore|iPhoneSimulator.ActiveCfg = Release|Any CPU
		{09249456-44CF-41A9-A82C-5695DEF17071}.AppStore|iPhoneSimulator.Build.0 = Release|Any CPU
		{09249456-44CF-41A9-A82C-5695DEF17071}.AppStore|iPhoneSimulator.Deploy.0 = Release|Any CPU
		{09249456-44CF-41A9-A82C-5695DEF17071}.AppStore|x64.ActiveCfg = Release|Any CPU
		{09249456-44CF-41A9-A82C-5695DEF17071}.AppStore|x64.Build.0 = Release|Any CPU
		{09249456-44CF-41A9-A82C-5695DEF17071}.AppStore|x64.Deploy.0 = Release|Any CPU
		{09249456-44CF-41A9-A82C-5695DEF17071}.AppStore|x86.ActiveCfg = Release|Any CPU
		{09249456-44CF-41A9-A82C-5695DEF17071}.AppStore|x86.Build.0 = Release|Any CPU
		{09249456-44CF-41A9-A82C-5695DEF17071}.AppStore|x86.Deploy.0 = Release|Any CPU
		{09249456-44CF-41A9-A82C-5695DEF17071}.Debug|Any CPU.ActiveCfg = Debug|Any CPU
		{09249456-44CF-41A9-A82C-5695DEF17071}.Debug|Any CPU.Build.0 = Debug|Any CPU
		{09249456-44CF-41A9-A82C-5695DEF17071}.Debug|Any CPU.Deploy.0 = Debug|Any CPU
		{09249456-44CF-41A9-A82C-5695DEF17071}.Debug|ARM.ActiveCfg = Debug|Any CPU
		{09249456-44CF-41A9-A82C-5695DEF17071}.Debug|ARM.Build.0 = Debug|Any CPU
		{09249456-44CF-41A9-A82C-5695DEF17071}.Debug|ARM.Deploy.0 = Debug|Any CPU
		{09249456-44CF-41A9-A82C-5695DEF17071}.Debug|iPhone.ActiveCfg = Debug|Any CPU
		{09249456-44CF-41A9-A82C-5695DEF17071}.Debug|iPhone.Build.0 = Debug|Any CPU
		{09249456-44CF-41A9-A82C-5695DEF17071}.Debug|iPhone.Deploy.0 = Debug|Any CPU
		{09249456-44CF-41A9-A82C-5695DEF17071}.Debug|iPhoneSimulator.ActiveCfg = Debug|Any CPU
		{09249456-44CF-41A9-A82C-5695DEF17071}.Debug|iPhoneSimulator.Build.0 = Debug|Any CPU
		{09249456-44CF-41A9-A82C-5695DEF17071}.Debug|iPhoneSimulator.Deploy.0 = Debug|Any CPU
		{09249456-44CF-41A9-A82C-5695DEF17071}.Debug|x64.ActiveCfg = Debug|Any CPU
		{09249456-44CF-41A9-A82C-5695DEF17071}.Debug|x64.Build.0 = Debug|Any CPU
		{09249456-44CF-41A9-A82C-5695DEF17071}.Debug|x64.Deploy.0 = Debug|Any CPU
		{09249456-44CF-41A9-A82C-5695DEF17071}.Debug|x86.ActiveCfg = Debug|Any CPU
		{09249456-44CF-41A9-A82C-5695DEF17071}.Debug|x86.Build.0 = Debug|Any CPU
		{09249456-44CF-41A9-A82C-5695DEF17071}.Debug|x86.Deploy.0 = Debug|Any CPU
		{09249456-44CF-41A9-A82C-5695DEF17071}.Release|Any CPU.ActiveCfg = Release|Any CPU
		{09249456-44CF-41A9-A82C-5695DEF17071}.Release|Any CPU.Build.0 = Release|Any CPU
		{09249456-44CF-41A9-A82C-5695DEF17071}.Release|Any CPU.Deploy.0 = Release|Any CPU
		{09249456-44CF-41A9-A82C-5695DEF17071}.Release|ARM.ActiveCfg = Release|Any CPU
		{09249456-44CF-41A9-A82C-5695DEF17071}.Release|ARM.Build.0 = Release|Any CPU
		{09249456-44CF-41A9-A82C-5695DEF17071}.Release|ARM.Deploy.0 = Release|Any CPU
		{09249456-44CF-41A9-A82C-5695DEF17071}.Release|iPhone.ActiveCfg = Release|Any CPU
		{09249456-44CF-41A9-A82C-5695DEF17071}.Release|iPhone.Build.0 = Release|Any CPU
		{09249456-44CF-41A9-A82C-5695DEF17071}.Release|iPhone.Deploy.0 = Release|Any CPU
		{09249456-44CF-41A9-A82C-5695DEF17071}.Release|iPhoneSimulator.ActiveCfg = Release|Any CPU
		{09249456-44CF-41A9-A82C-5695DEF17071}.Release|iPhoneSimulator.Build.0 = Release|Any CPU
		{09249456-44CF-41A9-A82C-5695DEF17071}.Release|iPhoneSimulator.Deploy.0 = Release|Any CPU
		{09249456-44CF-41A9-A82C-5695DEF17071}.Release|x64.ActiveCfg = Release|Any CPU
		{09249456-44CF-41A9-A82C-5695DEF17071}.Release|x64.Build.0 = Release|Any CPU
		{09249456-44CF-41A9-A82C-5695DEF17071}.Release|x64.Deploy.0 = Release|Any CPU
		{09249456-44CF-41A9-A82C-5695DEF17071}.Release|x86.ActiveCfg = Release|Any CPU
		{09249456-44CF-41A9-A82C-5695DEF17071}.Release|x86.Build.0 = Release|Any CPU
		{09249456-44CF-41A9-A82C-5695DEF17071}.Release|x86.Deploy.0 = Release|Any CPU
		{FEB59502-E4DE-40C3-82C3-BC5010312828}.Ad-Hoc|Any CPU.ActiveCfg = Ad-Hoc|iPhone
		{FEB59502-E4DE-40C3-82C3-BC5010312828}.Ad-Hoc|Any CPU.Build.0 = Ad-Hoc|iPhone
		{FEB59502-E4DE-40C3-82C3-BC5010312828}.Ad-Hoc|Any CPU.Deploy.0 = Ad-Hoc|iPhone
		{FEB59502-E4DE-40C3-82C3-BC5010312828}.Ad-Hoc|ARM.ActiveCfg = Ad-Hoc|iPhone
		{FEB59502-E4DE-40C3-82C3-BC5010312828}.Ad-Hoc|ARM.Build.0 = Ad-Hoc|iPhone
		{FEB59502-E4DE-40C3-82C3-BC5010312828}.Ad-Hoc|ARM.Deploy.0 = Ad-Hoc|iPhone
		{FEB59502-E4DE-40C3-82C3-BC5010312828}.Ad-Hoc|iPhone.ActiveCfg = Ad-Hoc|iPhone
		{FEB59502-E4DE-40C3-82C3-BC5010312828}.Ad-Hoc|iPhone.Build.0 = Ad-Hoc|iPhone
		{FEB59502-E4DE-40C3-82C3-BC5010312828}.Ad-Hoc|iPhone.Deploy.0 = Ad-Hoc|iPhone
		{FEB59502-E4DE-40C3-82C3-BC5010312828}.Ad-Hoc|iPhoneSimulator.ActiveCfg = Ad-Hoc|iPhoneSimulator
		{FEB59502-E4DE-40C3-82C3-BC5010312828}.Ad-Hoc|iPhoneSimulator.Build.0 = Ad-Hoc|iPhoneSimulator
		{FEB59502-E4DE-40C3-82C3-BC5010312828}.Ad-Hoc|iPhoneSimulator.Deploy.0 = Ad-Hoc|iPhoneSimulator
		{FEB59502-E4DE-40C3-82C3-BC5010312828}.Ad-Hoc|x64.ActiveCfg = Ad-Hoc|iPhone
		{FEB59502-E4DE-40C3-82C3-BC5010312828}.Ad-Hoc|x64.Build.0 = Ad-Hoc|iPhone
		{FEB59502-E4DE-40C3-82C3-BC5010312828}.Ad-Hoc|x64.Deploy.0 = Ad-Hoc|iPhone
		{FEB59502-E4DE-40C3-82C3-BC5010312828}.Ad-Hoc|x86.ActiveCfg = Ad-Hoc|iPhone
		{FEB59502-E4DE-40C3-82C3-BC5010312828}.Ad-Hoc|x86.Build.0 = Ad-Hoc|iPhone
		{FEB59502-E4DE-40C3-82C3-BC5010312828}.Ad-Hoc|x86.Deploy.0 = Ad-Hoc|iPhone
		{FEB59502-E4DE-40C3-82C3-BC5010312828}.AppStore|Any CPU.ActiveCfg = AppStore|iPhone
		{FEB59502-E4DE-40C3-82C3-BC5010312828}.AppStore|Any CPU.Build.0 = AppStore|iPhone
		{FEB59502-E4DE-40C3-82C3-BC5010312828}.AppStore|Any CPU.Deploy.0 = AppStore|iPhone
		{FEB59502-E4DE-40C3-82C3-BC5010312828}.AppStore|ARM.ActiveCfg = AppStore|iPhone
		{FEB59502-E4DE-40C3-82C3-BC5010312828}.AppStore|ARM.Build.0 = AppStore|iPhone
		{FEB59502-E4DE-40C3-82C3-BC5010312828}.AppStore|ARM.Deploy.0 = AppStore|iPhone
		{FEB59502-E4DE-40C3-82C3-BC5010312828}.AppStore|iPhone.ActiveCfg = AppStore|iPhone
		{FEB59502-E4DE-40C3-82C3-BC5010312828}.AppStore|iPhone.Build.0 = AppStore|iPhone
		{FEB59502-E4DE-40C3-82C3-BC5010312828}.AppStore|iPhone.Deploy.0 = AppStore|iPhone
		{FEB59502-E4DE-40C3-82C3-BC5010312828}.AppStore|iPhoneSimulator.ActiveCfg = AppStore|iPhoneSimulator
		{FEB59502-E4DE-40C3-82C3-BC5010312828}.AppStore|iPhoneSimulator.Build.0 = AppStore|iPhoneSimulator
		{FEB59502-E4DE-40C3-82C3-BC5010312828}.AppStore|iPhoneSimulator.Deploy.0 = AppStore|iPhoneSimulator
		{FEB59502-E4DE-40C3-82C3-BC5010312828}.AppStore|x64.ActiveCfg = AppStore|iPhone
		{FEB59502-E4DE-40C3-82C3-BC5010312828}.AppStore|x64.Build.0 = AppStore|iPhone
		{FEB59502-E4DE-40C3-82C3-BC5010312828}.AppStore|x64.Deploy.0 = AppStore|iPhone
		{FEB59502-E4DE-40C3-82C3-BC5010312828}.AppStore|x86.ActiveCfg = AppStore|iPhone
		{FEB59502-E4DE-40C3-82C3-BC5010312828}.AppStore|x86.Build.0 = AppStore|iPhone
		{FEB59502-E4DE-40C3-82C3-BC5010312828}.AppStore|x86.Deploy.0 = AppStore|iPhone
		{FEB59502-E4DE-40C3-82C3-BC5010312828}.Debug|Any CPU.ActiveCfg = Debug|iPhoneSimulator
		{FEB59502-E4DE-40C3-82C3-BC5010312828}.Debug|Any CPU.Build.0 = Debug|iPhoneSimulator
		{FEB59502-E4DE-40C3-82C3-BC5010312828}.Debug|Any CPU.Deploy.0 = Debug|iPhoneSimulator
		{FEB59502-E4DE-40C3-82C3-BC5010312828}.Debug|ARM.ActiveCfg = Debug|iPhone
		{FEB59502-E4DE-40C3-82C3-BC5010312828}.Debug|ARM.Build.0 = Debug|iPhone
		{FEB59502-E4DE-40C3-82C3-BC5010312828}.Debug|ARM.Deploy.0 = Debug|iPhone
		{FEB59502-E4DE-40C3-82C3-BC5010312828}.Debug|iPhone.ActiveCfg = Debug|iPhone
		{FEB59502-E4DE-40C3-82C3-BC5010312828}.Debug|iPhone.Build.0 = Debug|iPhone
		{FEB59502-E4DE-40C3-82C3-BC5010312828}.Debug|iPhone.Deploy.0 = Debug|iPhone
		{FEB59502-E4DE-40C3-82C3-BC5010312828}.Debug|iPhoneSimulator.ActiveCfg = Debug|iPhoneSimulator
		{FEB59502-E4DE-40C3-82C3-BC5010312828}.Debug|iPhoneSimulator.Build.0 = Debug|iPhoneSimulator
		{FEB59502-E4DE-40C3-82C3-BC5010312828}.Debug|iPhoneSimulator.Deploy.0 = Debug|iPhoneSimulator
		{FEB59502-E4DE-40C3-82C3-BC5010312828}.Debug|x64.ActiveCfg = Debug|iPhone
		{FEB59502-E4DE-40C3-82C3-BC5010312828}.Debug|x64.Build.0 = Debug|iPhone
		{FEB59502-E4DE-40C3-82C3-BC5010312828}.Debug|x64.Deploy.0 = Debug|iPhone
		{FEB59502-E4DE-40C3-82C3-BC5010312828}.Debug|x86.ActiveCfg = Debug|iPhone
		{FEB59502-E4DE-40C3-82C3-BC5010312828}.Debug|x86.Build.0 = Debug|iPhone
		{FEB59502-E4DE-40C3-82C3-BC5010312828}.Debug|x86.Deploy.0 = Debug|iPhone
		{FEB59502-E4DE-40C3-82C3-BC5010312828}.Release|Any CPU.ActiveCfg = Release|iPhone
		{FEB59502-E4DE-40C3-82C3-BC5010312828}.Release|Any CPU.Build.0 = Release|iPhone
		{FEB59502-E4DE-40C3-82C3-BC5010312828}.Release|Any CPU.Deploy.0 = Release|iPhone
		{FEB59502-E4DE-40C3-82C3-BC5010312828}.Release|ARM.ActiveCfg = Release|iPhone
		{FEB59502-E4DE-40C3-82C3-BC5010312828}.Release|ARM.Build.0 = Release|iPhone
		{FEB59502-E4DE-40C3-82C3-BC5010312828}.Release|ARM.Deploy.0 = Release|iPhone
		{FEB59502-E4DE-40C3-82C3-BC5010312828}.Release|iPhone.ActiveCfg = Release|iPhone
		{FEB59502-E4DE-40C3-82C3-BC5010312828}.Release|iPhone.Build.0 = Release|iPhone
		{FEB59502-E4DE-40C3-82C3-BC5010312828}.Release|iPhone.Deploy.0 = Release|iPhone
		{FEB59502-E4DE-40C3-82C3-BC5010312828}.Release|iPhoneSimulator.ActiveCfg = Release|iPhoneSimulator
		{FEB59502-E4DE-40C3-82C3-BC5010312828}.Release|iPhoneSimulator.Build.0 = Release|iPhoneSimulator
		{FEB59502-E4DE-40C3-82C3-BC5010312828}.Release|iPhoneSimulator.Deploy.0 = Release|iPhoneSimulator
		{FEB59502-E4DE-40C3-82C3-BC5010312828}.Release|x64.ActiveCfg = Release|iPhone
		{FEB59502-E4DE-40C3-82C3-BC5010312828}.Release|x64.Build.0 = Release|iPhone
		{FEB59502-E4DE-40C3-82C3-BC5010312828}.Release|x64.Deploy.0 = Release|iPhone
		{FEB59502-E4DE-40C3-82C3-BC5010312828}.Release|x86.ActiveCfg = Release|iPhone
		{FEB59502-E4DE-40C3-82C3-BC5010312828}.Release|x86.Build.0 = Release|iPhone
		{FEB59502-E4DE-40C3-82C3-BC5010312828}.Release|x86.Deploy.0 = Release|iPhone
		{F1A32A8C-4070-4D69-9402-FF39FF3AB30F}.Ad-Hoc|Any CPU.ActiveCfg = Release|x86
		{F1A32A8C-4070-4D69-9402-FF39FF3AB30F}.Ad-Hoc|Any CPU.Build.0 = Release|x86
		{F1A32A8C-4070-4D69-9402-FF39FF3AB30F}.Ad-Hoc|Any CPU.Deploy.0 = Release|x86
		{F1A32A8C-4070-4D69-9402-FF39FF3AB30F}.Ad-Hoc|ARM.ActiveCfg = Release|ARM
		{F1A32A8C-4070-4D69-9402-FF39FF3AB30F}.Ad-Hoc|ARM.Build.0 = Release|ARM
		{F1A32A8C-4070-4D69-9402-FF39FF3AB30F}.Ad-Hoc|ARM.Deploy.0 = Release|ARM
		{F1A32A8C-4070-4D69-9402-FF39FF3AB30F}.Ad-Hoc|iPhone.ActiveCfg = Release|x86
		{F1A32A8C-4070-4D69-9402-FF39FF3AB30F}.Ad-Hoc|iPhone.Build.0 = Release|x86
		{F1A32A8C-4070-4D69-9402-FF39FF3AB30F}.Ad-Hoc|iPhone.Deploy.0 = Release|x86
		{F1A32A8C-4070-4D69-9402-FF39FF3AB30F}.Ad-Hoc|iPhoneSimulator.ActiveCfg = Release|x86
		{F1A32A8C-4070-4D69-9402-FF39FF3AB30F}.Ad-Hoc|iPhoneSimulator.Build.0 = Release|x86
		{F1A32A8C-4070-4D69-9402-FF39FF3AB30F}.Ad-Hoc|iPhoneSimulator.Deploy.0 = Release|x86
		{F1A32A8C-4070-4D69-9402-FF39FF3AB30F}.Ad-Hoc|x64.ActiveCfg = Release|x64
		{F1A32A8C-4070-4D69-9402-FF39FF3AB30F}.Ad-Hoc|x64.Build.0 = Release|x64
		{F1A32A8C-4070-4D69-9402-FF39FF3AB30F}.Ad-Hoc|x64.Deploy.0 = Release|x64
		{F1A32A8C-4070-4D69-9402-FF39FF3AB30F}.Ad-Hoc|x86.ActiveCfg = Release|x86
		{F1A32A8C-4070-4D69-9402-FF39FF3AB30F}.Ad-Hoc|x86.Build.0 = Release|x86
		{F1A32A8C-4070-4D69-9402-FF39FF3AB30F}.Ad-Hoc|x86.Deploy.0 = Release|x86
		{F1A32A8C-4070-4D69-9402-FF39FF3AB30F}.AppStore|Any CPU.ActiveCfg = Release|x86
		{F1A32A8C-4070-4D69-9402-FF39FF3AB30F}.AppStore|Any CPU.Build.0 = Release|x86
		{F1A32A8C-4070-4D69-9402-FF39FF3AB30F}.AppStore|Any CPU.Deploy.0 = Release|x86
		{F1A32A8C-4070-4D69-9402-FF39FF3AB30F}.AppStore|ARM.ActiveCfg = Release|ARM
		{F1A32A8C-4070-4D69-9402-FF39FF3AB30F}.AppStore|ARM.Build.0 = Release|ARM
		{F1A32A8C-4070-4D69-9402-FF39FF3AB30F}.AppStore|ARM.Deploy.0 = Release|ARM
		{F1A32A8C-4070-4D69-9402-FF39FF3AB30F}.AppStore|iPhone.ActiveCfg = Release|x86
		{F1A32A8C-4070-4D69-9402-FF39FF3AB30F}.AppStore|iPhone.Build.0 = Release|x86
		{F1A32A8C-4070-4D69-9402-FF39FF3AB30F}.AppStore|iPhone.Deploy.0 = Release|x86
		{F1A32A8C-4070-4D69-9402-FF39FF3AB30F}.AppStore|iPhoneSimulator.ActiveCfg = Release|x86
		{F1A32A8C-4070-4D69-9402-FF39FF3AB30F}.AppStore|iPhoneSimulator.Build.0 = Release|x86
		{F1A32A8C-4070-4D69-9402-FF39FF3AB30F}.AppStore|iPhoneSimulator.Deploy.0 = Release|x86
		{F1A32A8C-4070-4D69-9402-FF39FF3AB30F}.AppStore|x64.ActiveCfg = Release|x64
		{F1A32A8C-4070-4D69-9402-FF39FF3AB30F}.AppStore|x64.Build.0 = Release|x64
		{F1A32A8C-4070-4D69-9402-FF39FF3AB30F}.AppStore|x64.Deploy.0 = Release|x64
		{F1A32A8C-4070-4D69-9402-FF39FF3AB30F}.AppStore|x86.ActiveCfg = Release|x86
		{F1A32A8C-4070-4D69-9402-FF39FF3AB30F}.AppStore|x86.Build.0 = Release|x86
		{F1A32A8C-4070-4D69-9402-FF39FF3AB30F}.AppStore|x86.Deploy.0 = Release|x86
		{F1A32A8C-4070-4D69-9402-FF39FF3AB30F}.Debug|Any CPU.ActiveCfg = Debug|x86
		{F1A32A8C-4070-4D69-9402-FF39FF3AB30F}.Debug|Any CPU.Build.0 = Debug|x86
		{F1A32A8C-4070-4D69-9402-FF39FF3AB30F}.Debug|Any CPU.Deploy.0 = Debug|x86
		{F1A32A8C-4070-4D69-9402-FF39FF3AB30F}.Debug|ARM.ActiveCfg = Debug|ARM
		{F1A32A8C-4070-4D69-9402-FF39FF3AB30F}.Debug|ARM.Build.0 = Debug|ARM
		{F1A32A8C-4070-4D69-9402-FF39FF3AB30F}.Debug|ARM.Deploy.0 = Debug|ARM
		{F1A32A8C-4070-4D69-9402-FF39FF3AB30F}.Debug|iPhone.ActiveCfg = Debug|x86
		{F1A32A8C-4070-4D69-9402-FF39FF3AB30F}.Debug|iPhone.Build.0 = Debug|x86
		{F1A32A8C-4070-4D69-9402-FF39FF3AB30F}.Debug|iPhone.Deploy.0 = Debug|x86
		{F1A32A8C-4070-4D69-9402-FF39FF3AB30F}.Debug|iPhoneSimulator.ActiveCfg = Debug|x86
		{F1A32A8C-4070-4D69-9402-FF39FF3AB30F}.Debug|iPhoneSimulator.Build.0 = Debug|x86
		{F1A32A8C-4070-4D69-9402-FF39FF3AB30F}.Debug|iPhoneSimulator.Deploy.0 = Debug|x86
		{F1A32A8C-4070-4D69-9402-FF39FF3AB30F}.Debug|x64.ActiveCfg = Debug|x64
		{F1A32A8C-4070-4D69-9402-FF39FF3AB30F}.Debug|x64.Build.0 = Debug|x64
		{F1A32A8C-4070-4D69-9402-FF39FF3AB30F}.Debug|x64.Deploy.0 = Debug|x64
		{F1A32A8C-4070-4D69-9402-FF39FF3AB30F}.Debug|x86.ActiveCfg = Debug|x86
		{F1A32A8C-4070-4D69-9402-FF39FF3AB30F}.Debug|x86.Build.0 = Debug|x86
		{F1A32A8C-4070-4D69-9402-FF39FF3AB30F}.Debug|x86.Deploy.0 = Debug|x86
		{F1A32A8C-4070-4D69-9402-FF39FF3AB30F}.Release|Any CPU.ActiveCfg = Release|x86
		{F1A32A8C-4070-4D69-9402-FF39FF3AB30F}.Release|Any CPU.Build.0 = Release|x86
		{F1A32A8C-4070-4D69-9402-FF39FF3AB30F}.Release|Any CPU.Deploy.0 = Release|x86
		{F1A32A8C-4070-4D69-9402-FF39FF3AB30F}.Release|ARM.ActiveCfg = Release|ARM
		{F1A32A8C-4070-4D69-9402-FF39FF3AB30F}.Release|ARM.Build.0 = Release|ARM
		{F1A32A8C-4070-4D69-9402-FF39FF3AB30F}.Release|ARM.Deploy.0 = Release|ARM
		{F1A32A8C-4070-4D69-9402-FF39FF3AB30F}.Release|iPhone.ActiveCfg = Release|x86
		{F1A32A8C-4070-4D69-9402-FF39FF3AB30F}.Release|iPhone.Build.0 = Release|x86
		{F1A32A8C-4070-4D69-9402-FF39FF3AB30F}.Release|iPhone.Deploy.0 = Release|x86
		{F1A32A8C-4070-4D69-9402-FF39FF3AB30F}.Release|iPhoneSimulator.ActiveCfg = Release|x86
		{F1A32A8C-4070-4D69-9402-FF39FF3AB30F}.Release|iPhoneSimulator.Build.0 = Release|x86
		{F1A32A8C-4070-4D69-9402-FF39FF3AB30F}.Release|iPhoneSimulator.Deploy.0 = Release|x86
		{F1A32A8C-4070-4D69-9402-FF39FF3AB30F}.Release|x64.ActiveCfg = Release|x64
		{F1A32A8C-4070-4D69-9402-FF39FF3AB30F}.Release|x64.Build.0 = Release|x64
		{F1A32A8C-4070-4D69-9402-FF39FF3AB30F}.Release|x64.Deploy.0 = Release|x64
		{F1A32A8C-4070-4D69-9402-FF39FF3AB30F}.Release|x86.ActiveCfg = Release|x86
		{F1A32A8C-4070-4D69-9402-FF39FF3AB30F}.Release|x86.Build.0 = Release|x86
		{F1A32A8C-4070-4D69-9402-FF39FF3AB30F}.Release|x86.Deploy.0 = Release|x86
		{BFFE7302-10C5-4120-84AA-0C31C46883F8}.Ad-Hoc|Any CPU.ActiveCfg = Debug|Any CPU
		{BFFE7302-10C5-4120-84AA-0C31C46883F8}.Ad-Hoc|Any CPU.Build.0 = Debug|Any CPU
		{BFFE7302-10C5-4120-84AA-0C31C46883F8}.Ad-Hoc|Any CPU.Deploy.0 = Debug|Any CPU
		{BFFE7302-10C5-4120-84AA-0C31C46883F8}.Ad-Hoc|ARM.ActiveCfg = Debug|Any CPU
		{BFFE7302-10C5-4120-84AA-0C31C46883F8}.Ad-Hoc|ARM.Build.0 = Debug|Any CPU
		{BFFE7302-10C5-4120-84AA-0C31C46883F8}.Ad-Hoc|ARM.Deploy.0 = Debug|Any CPU
		{BFFE7302-10C5-4120-84AA-0C31C46883F8}.Ad-Hoc|iPhone.ActiveCfg = Debug|Any CPU
		{BFFE7302-10C5-4120-84AA-0C31C46883F8}.Ad-Hoc|iPhone.Build.0 = Debug|Any CPU
		{BFFE7302-10C5-4120-84AA-0C31C46883F8}.Ad-Hoc|iPhone.Deploy.0 = Debug|Any CPU
		{BFFE7302-10C5-4120-84AA-0C31C46883F8}.Ad-Hoc|iPhoneSimulator.ActiveCfg = Debug|Any CPU
		{BFFE7302-10C5-4120-84AA-0C31C46883F8}.Ad-Hoc|iPhoneSimulator.Build.0 = Debug|Any CPU
		{BFFE7302-10C5-4120-84AA-0C31C46883F8}.Ad-Hoc|iPhoneSimulator.Deploy.0 = Debug|Any CPU
		{BFFE7302-10C5-4120-84AA-0C31C46883F8}.Ad-Hoc|x64.ActiveCfg = Debug|Any CPU
		{BFFE7302-10C5-4120-84AA-0C31C46883F8}.Ad-Hoc|x64.Build.0 = Debug|Any CPU
		{BFFE7302-10C5-4120-84AA-0C31C46883F8}.Ad-Hoc|x64.Deploy.0 = Debug|Any CPU
		{BFFE7302-10C5-4120-84AA-0C31C46883F8}.Ad-Hoc|x86.ActiveCfg = Debug|Any CPU
		{BFFE7302-10C5-4120-84AA-0C31C46883F8}.Ad-Hoc|x86.Build.0 = Debug|Any CPU
		{BFFE7302-10C5-4120-84AA-0C31C46883F8}.Ad-Hoc|x86.Deploy.0 = Debug|Any CPU
		{BFFE7302-10C5-4120-84AA-0C31C46883F8}.AppStore|Any CPU.ActiveCfg = Debug|Any CPU
		{BFFE7302-10C5-4120-84AA-0C31C46883F8}.AppStore|Any CPU.Build.0 = Debug|Any CPU
		{BFFE7302-10C5-4120-84AA-0C31C46883F8}.AppStore|Any CPU.Deploy.0 = Debug|Any CPU
		{BFFE7302-10C5-4120-84AA-0C31C46883F8}.AppStore|ARM.ActiveCfg = Debug|Any CPU
		{BFFE7302-10C5-4120-84AA-0C31C46883F8}.AppStore|ARM.Build.0 = Debug|Any CPU
		{BFFE7302-10C5-4120-84AA-0C31C46883F8}.AppStore|ARM.Deploy.0 = Debug|Any CPU
		{BFFE7302-10C5-4120-84AA-0C31C46883F8}.AppStore|iPhone.ActiveCfg = Debug|Any CPU
		{BFFE7302-10C5-4120-84AA-0C31C46883F8}.AppStore|iPhone.Build.0 = Debug|Any CPU
		{BFFE7302-10C5-4120-84AA-0C31C46883F8}.AppStore|iPhone.Deploy.0 = Debug|Any CPU
		{BFFE7302-10C5-4120-84AA-0C31C46883F8}.AppStore|iPhoneSimulator.ActiveCfg = Debug|Any CPU
		{BFFE7302-10C5-4120-84AA-0C31C46883F8}.AppStore|iPhoneSimulator.Build.0 = Debug|Any CPU
		{BFFE7302-10C5-4120-84AA-0C31C46883F8}.AppStore|iPhoneSimulator.Deploy.0 = Debug|Any CPU
		{BFFE7302-10C5-4120-84AA-0C31C46883F8}.AppStore|x64.ActiveCfg = Debug|Any CPU
		{BFFE7302-10C5-4120-84AA-0C31C46883F8}.AppStore|x64.Build.0 = Debug|Any CPU
		{BFFE7302-10C5-4120-84AA-0C31C46883F8}.AppStore|x64.Deploy.0 = Debug|Any CPU
		{BFFE7302-10C5-4120-84AA-0C31C46883F8}.AppStore|x86.ActiveCfg = Debug|Any CPU
		{BFFE7302-10C5-4120-84AA-0C31C46883F8}.AppStore|x86.Build.0 = Debug|Any CPU
		{BFFE7302-10C5-4120-84AA-0C31C46883F8}.AppStore|x86.Deploy.0 = Debug|Any CPU
		{BFFE7302-10C5-4120-84AA-0C31C46883F8}.Debug|Any CPU.ActiveCfg = Debug|Any CPU
		{BFFE7302-10C5-4120-84AA-0C31C46883F8}.Debug|Any CPU.Build.0 = Debug|Any CPU
		{BFFE7302-10C5-4120-84AA-0C31C46883F8}.Debug|Any CPU.Deploy.0 = Debug|Any CPU
		{BFFE7302-10C5-4120-84AA-0C31C46883F8}.Debug|ARM.ActiveCfg = Debug|Any CPU
		{BFFE7302-10C5-4120-84AA-0C31C46883F8}.Debug|ARM.Build.0 = Debug|Any CPU
		{BFFE7302-10C5-4120-84AA-0C31C46883F8}.Debug|ARM.Deploy.0 = Debug|Any CPU
		{BFFE7302-10C5-4120-84AA-0C31C46883F8}.Debug|iPhone.ActiveCfg = Debug|Any CPU
		{BFFE7302-10C5-4120-84AA-0C31C46883F8}.Debug|iPhone.Build.0 = Debug|Any CPU
		{BFFE7302-10C5-4120-84AA-0C31C46883F8}.Debug|iPhone.Deploy.0 = Debug|Any CPU
		{BFFE7302-10C5-4120-84AA-0C31C46883F8}.Debug|iPhoneSimulator.ActiveCfg = Debug|Any CPU
		{BFFE7302-10C5-4120-84AA-0C31C46883F8}.Debug|iPhoneSimulator.Build.0 = Debug|Any CPU
		{BFFE7302-10C5-4120-84AA-0C31C46883F8}.Debug|iPhoneSimulator.Deploy.0 = Debug|Any CPU
		{BFFE7302-10C5-4120-84AA-0C31C46883F8}.Debug|x64.ActiveCfg = Debug|Any CPU
		{BFFE7302-10C5-4120-84AA-0C31C46883F8}.Debug|x64.Build.0 = Debug|Any CPU
		{BFFE7302-10C5-4120-84AA-0C31C46883F8}.Debug|x64.Deploy.0 = Debug|Any CPU
		{BFFE7302-10C5-4120-84AA-0C31C46883F8}.Debug|x86.ActiveCfg = Debug|Any CPU
		{BFFE7302-10C5-4120-84AA-0C31C46883F8}.Debug|x86.Build.0 = Debug|Any CPU
		{BFFE7302-10C5-4120-84AA-0C31C46883F8}.Debug|x86.Deploy.0 = Debug|Any CPU
		{BFFE7302-10C5-4120-84AA-0C31C46883F8}.Release|Any CPU.ActiveCfg = Release|Any CPU
		{BFFE7302-10C5-4120-84AA-0C31C46883F8}.Release|Any CPU.Build.0 = Release|Any CPU
		{BFFE7302-10C5-4120-84AA-0C31C46883F8}.Release|Any CPU.Deploy.0 = Release|Any CPU
		{BFFE7302-10C5-4120-84AA-0C31C46883F8}.Release|ARM.ActiveCfg = Release|Any CPU
		{BFFE7302-10C5-4120-84AA-0C31C46883F8}.Release|ARM.Build.0 = Release|Any CPU
		{BFFE7302-10C5-4120-84AA-0C31C46883F8}.Release|ARM.Deploy.0 = Release|Any CPU
		{BFFE7302-10C5-4120-84AA-0C31C46883F8}.Release|iPhone.ActiveCfg = Release|Any CPU
		{BFFE7302-10C5-4120-84AA-0C31C46883F8}.Release|iPhone.Build.0 = Release|Any CPU
		{BFFE7302-10C5-4120-84AA-0C31C46883F8}.Release|iPhone.Deploy.0 = Release|Any CPU
		{BFFE7302-10C5-4120-84AA-0C31C46883F8}.Release|iPhoneSimulator.ActiveCfg = Release|Any CPU
		{BFFE7302-10C5-4120-84AA-0C31C46883F8}.Release|iPhoneSimulator.Build.0 = Release|Any CPU
		{BFFE7302-10C5-4120-84AA-0C31C46883F8}.Release|iPhoneSimulator.Deploy.0 = Release|Any CPU
		{BFFE7302-10C5-4120-84AA-0C31C46883F8}.Release|x64.ActiveCfg = Release|Any CPU
		{BFFE7302-10C5-4120-84AA-0C31C46883F8}.Release|x64.Build.0 = Release|Any CPU
		{BFFE7302-10C5-4120-84AA-0C31C46883F8}.Release|x64.Deploy.0 = Release|Any CPU
		{BFFE7302-10C5-4120-84AA-0C31C46883F8}.Release|x86.ActiveCfg = Release|Any CPU
		{BFFE7302-10C5-4120-84AA-0C31C46883F8}.Release|x86.Build.0 = Release|Any CPU
		{BFFE7302-10C5-4120-84AA-0C31C46883F8}.Release|x86.Deploy.0 = Release|Any CPU
		{F6111C54-48AA-4B9D-A9A3-CCF96D1B1F22}.Ad-Hoc|Any CPU.ActiveCfg = Release|Any CPU
		{F6111C54-48AA-4B9D-A9A3-CCF96D1B1F22}.Ad-Hoc|Any CPU.Build.0 = Release|Any CPU
		{F6111C54-48AA-4B9D-A9A3-CCF96D1B1F22}.Ad-Hoc|ARM.ActiveCfg = Release|Any CPU
		{F6111C54-48AA-4B9D-A9A3-CCF96D1B1F22}.Ad-Hoc|ARM.Build.0 = Release|Any CPU
		{F6111C54-48AA-4B9D-A9A3-CCF96D1B1F22}.Ad-Hoc|iPhone.ActiveCfg = Release|Any CPU
		{F6111C54-48AA-4B9D-A9A3-CCF96D1B1F22}.Ad-Hoc|iPhone.Build.0 = Release|Any CPU
		{F6111C54-48AA-4B9D-A9A3-CCF96D1B1F22}.Ad-Hoc|iPhoneSimulator.ActiveCfg = Release|Any CPU
		{F6111C54-48AA-4B9D-A9A3-CCF96D1B1F22}.Ad-Hoc|iPhoneSimulator.Build.0 = Release|Any CPU
		{F6111C54-48AA-4B9D-A9A3-CCF96D1B1F22}.Ad-Hoc|x64.ActiveCfg = Release|Any CPU
		{F6111C54-48AA-4B9D-A9A3-CCF96D1B1F22}.Ad-Hoc|x64.Build.0 = Release|Any CPU
		{F6111C54-48AA-4B9D-A9A3-CCF96D1B1F22}.Ad-Hoc|x86.ActiveCfg = Release|Any CPU
		{F6111C54-48AA-4B9D-A9A3-CCF96D1B1F22}.Ad-Hoc|x86.Build.0 = Release|Any CPU
		{F6111C54-48AA-4B9D-A9A3-CCF96D1B1F22}.AppStore|Any CPU.ActiveCfg = Release|Any CPU
		{F6111C54-48AA-4B9D-A9A3-CCF96D1B1F22}.AppStore|Any CPU.Build.0 = Release|Any CPU
		{F6111C54-48AA-4B9D-A9A3-CCF96D1B1F22}.AppStore|ARM.ActiveCfg = Release|Any CPU
		{F6111C54-48AA-4B9D-A9A3-CCF96D1B1F22}.AppStore|ARM.Build.0 = Release|Any CPU
		{F6111C54-48AA-4B9D-A9A3-CCF96D1B1F22}.AppStore|iPhone.ActiveCfg = Release|Any CPU
		{F6111C54-48AA-4B9D-A9A3-CCF96D1B1F22}.AppStore|iPhone.Build.0 = Release|Any CPU
		{F6111C54-48AA-4B9D-A9A3-CCF96D1B1F22}.AppStore|iPhoneSimulator.ActiveCfg = Release|Any CPU
		{F6111C54-48AA-4B9D-A9A3-CCF96D1B1F22}.AppStore|iPhoneSimulator.Build.0 = Release|Any CPU
		{F6111C54-48AA-4B9D-A9A3-CCF96D1B1F22}.AppStore|x64.ActiveCfg = Release|Any CPU
		{F6111C54-48AA-4B9D-A9A3-CCF96D1B1F22}.AppStore|x64.Build.0 = Release|Any CPU
		{F6111C54-48AA-4B9D-A9A3-CCF96D1B1F22}.AppStore|x86.ActiveCfg = Release|Any CPU
		{F6111C54-48AA-4B9D-A9A3-CCF96D1B1F22}.AppStore|x86.Build.0 = Release|Any CPU
		{F6111C54-48AA-4B9D-A9A3-CCF96D1B1F22}.Debug|Any CPU.ActiveCfg = Debug|Any CPU
		{F6111C54-48AA-4B9D-A9A3-CCF96D1B1F22}.Debug|Any CPU.Build.0 = Debug|Any CPU
		{F6111C54-48AA-4B9D-A9A3-CCF96D1B1F22}.Debug|ARM.ActiveCfg = Debug|Any CPU
		{F6111C54-48AA-4B9D-A9A3-CCF96D1B1F22}.Debug|ARM.Build.0 = Debug|Any CPU
		{F6111C54-48AA-4B9D-A9A3-CCF96D1B1F22}.Debug|iPhone.ActiveCfg = Debug|Any CPU
		{F6111C54-48AA-4B9D-A9A3-CCF96D1B1F22}.Debug|iPhone.Build.0 = Debug|Any CPU
		{F6111C54-48AA-4B9D-A9A3-CCF96D1B1F22}.Debug|iPhoneSimulator.ActiveCfg = Debug|Any CPU
		{F6111C54-48AA-4B9D-A9A3-CCF96D1B1F22}.Debug|iPhoneSimulator.Build.0 = Debug|Any CPU
		{F6111C54-48AA-4B9D-A9A3-CCF96D1B1F22}.Debug|x64.ActiveCfg = Debug|Any CPU
		{F6111C54-48AA-4B9D-A9A3-CCF96D1B1F22}.Debug|x64.Build.0 = Debug|Any CPU
		{F6111C54-48AA-4B9D-A9A3-CCF96D1B1F22}.Debug|x86.ActiveCfg = Debug|Any CPU
		{F6111C54-48AA-4B9D-A9A3-CCF96D1B1F22}.Debug|x86.Build.0 = Debug|Any CPU
		{F6111C54-48AA-4B9D-A9A3-CCF96D1B1F22}.Release|Any CPU.ActiveCfg = Release|Any CPU
		{F6111C54-48AA-4B9D-A9A3-CCF96D1B1F22}.Release|Any CPU.Build.0 = Release|Any CPU
		{F6111C54-48AA-4B9D-A9A3-CCF96D1B1F22}.Release|ARM.ActiveCfg = Release|Any CPU
		{F6111C54-48AA-4B9D-A9A3-CCF96D1B1F22}.Release|ARM.Build.0 = Release|Any CPU
		{F6111C54-48AA-4B9D-A9A3-CCF96D1B1F22}.Release|iPhone.ActiveCfg = Release|Any CPU
		{F6111C54-48AA-4B9D-A9A3-CCF96D1B1F22}.Release|iPhone.Build.0 = Release|Any CPU
		{F6111C54-48AA-4B9D-A9A3-CCF96D1B1F22}.Release|iPhoneSimulator.ActiveCfg = Release|Any CPU
		{F6111C54-48AA-4B9D-A9A3-CCF96D1B1F22}.Release|iPhoneSimulator.Build.0 = Release|Any CPU
		{F6111C54-48AA-4B9D-A9A3-CCF96D1B1F22}.Release|x64.ActiveCfg = Release|Any CPU
		{F6111C54-48AA-4B9D-A9A3-CCF96D1B1F22}.Release|x64.Build.0 = Release|Any CPU
		{F6111C54-48AA-4B9D-A9A3-CCF96D1B1F22}.Release|x86.ActiveCfg = Release|Any CPU
		{F6111C54-48AA-4B9D-A9A3-CCF96D1B1F22}.Release|x86.Build.0 = Release|Any CPU
	EndGlobalSection
	GlobalSection(SolutionProperties) = preSolution
		HideSolutionNode = FALSE
	EndGlobalSection
	GlobalSection(ExtensibilityGlobals) = postSolution
		SolutionGuid = {B3FEF6CB-C3AE-4229-90AC-8D73267A8E33}
	EndGlobalSection
EndGlobal
